Microsoft Visual Studio Solution File, Format Version 12.00
# Visual Studio Version 17
VisualStudioVersion = 17.5.002.0
MinimumVisualStudioVersion = 10.0.40219.1
Project("{9A19103F-16F7-4668-BE54-9A1E7A4F7556}") = "simple-mediatr", "src/simple-mediatr/simple-mediatr.csproj", "{84F74D91-E74C-4893-85F3-F86120C4CEC2}"
EndProject
Project("{9A19103F-16F7-4668-BE54-9A1E7A4F7556}") = "simple-mediatr.tests", "tests/simple-mdiatr.tests/simple-mediatr.tests.csproj", "{A1B2C3D4-E5F6-4789-ABCD-EF1234567890}"
EndProject
Global
	GlobalSection(SolutionConfigurationPlatforms) = preSolution
		Debug|Any CPU = Debug|Any CPU
		Release|Any CPU = Release|Any CPU
	EndGlobalSection
	GlobalSection(ProjectConfigurationPlatforms) = postSolution
		{84F74D91-E74C-4893-85F3-F86120C4CEC2}.Debug|Any CPU.ActiveCfg = Debug|Any CPU
		{84F74D91-E74C-4893-85F3-F86120C4CEC2}.Debug|Any CPU.Build.0 = Debug|Any CPU
		{84F74D91-E74C-4893-85F3-F86120C4CEC2}.Release|Any CPU.ActiveCfg = Release|Any CPU
		{84F74D91-E74C-4893-85F3-F86120C4CEC2}.Release|Any CPU.Build.0 = Release|Any CPU
		{A1B2C3D4-E5F6-4789-ABCD-EF1234567890}.Debug|Any CPU.ActiveCfg = Debug|Any CPU
		{A1B2C3D4-E5F6-4789-ABCD-EF1234567890}.Debug|Any CPU.Build.0 = Debug|Any CPU
		{A1B2C3D4-E5F6-4789-ABCD-EF1234567890}.Release|Any CPU.ActiveCfg = Release|Any CPU
		{A1B2C3D4-E5F6-4789-ABCD-EF1234567890}.Release|Any CPU.Build.0 = Release|Any CPU
	EndGlobalSection
	GlobalSection(SolutionProperties) = preSolution
		HideSolutionNode = FALSE
	EndGlobalSection
	GlobalSection(ExtensibilityGlobals) = postSolution
		SolutionGuid = {710EE3B9-5041-41BA-9DEE-5647E1CC85A9}
	EndGlobalSection
EndGlobal 